
Microsoft Visual Studio Solution File, Format Version 12.00
# Visual Studio Version 16
VisualStudioVersion = 16.0.30804.86
MinimumVisualStudioVersion = 10.0.40219.1
Project("{8BC9CEB8-8B4A-11D0-8D11-00A0C91BC942}") = "Function Pointer", "Function Pointer\Function Pointer.vcxproj", "{FE86F5EB-2BD7-4DB7-A0D5-FACACA584387}"
EndProject
Global
	GlobalSection(SolutionConfigurationPlatforms) = preSolution
		Debug|x64 = Debug|x64
		Debug|x86 = Debug|x86
		Release|x64 = Release|x64
		Release|x86 = Release|x86
	EndGlobalSection
	GlobalSection(ProjectConfigurationPlatforms) = postSolution
		{FE86F5EB-2BD7-4DB7-A0D5-FACACA584387}.Debug|x64.ActiveCfg = Debug|x64
		{FE86F5EB-2BD7-4DB7-A0D5-FACACA584387}.Debug|x64.Build.0 = Debug|x64
		{FE86F5EB-2BD7-4DB7-A0D5-FACACA584387}.Debug|x86.ActiveCfg = Debug|Win32
		{FE86F5EB-2BD7-4DB7-A0D5-FACACA584387}.Debug|x86.Build.0 = Debug|Win32
		{FE86F5EB-2BD7-4DB7-A0D5-FACACA584387}.Release|x64.ActiveCfg = Release|x64
		{FE86F5EB-2BD7-4DB7-A0D5-FACACA584387}.Release|x64.Build.0 = Release|x64
		{FE86F5EB-2BD7-4DB7-A0D5-FACACA584387}.Release|x86.ActiveCfg = Release|Win32
		{FE86F5EB-2BD7-4DB7-A0D5-FACACA584387}.Release|x86.Build.0 = Release|Win32
	EndGlobalSection
	GlobalSection(SolutionProperties) = preSolution
		HideSolutionNode = FALSE
	EndGlobalSection
	GlobalSection(ExtensibilityGlobals) = postSolution
		SolutionGuid = {2EA2C256-01D1-408E-9490-A921DDBB98EA}
	EndGlobalSection
EndGlobal
